
Microsoft Visual Studio Solution File, Format Version 12.00
# Visual Studio Version 17
VisualStudioVersion = 17.1.32228.430
MinimumVisualStudioVersion = 10.0.40219.1
Project("{FAE04EC0-301F-11D3-BF4B-00C04F79EFBC}") = "LojaFlex.Api", "LojaFlex.Api\LojaFlex.Api.csproj", "{9F440C45-862B-4D40-B3A3-FCDAB89DB154}"
EndProject
Project("{FAE04EC0-301F-11D3-BF4B-00C04F79EFBC}") = "LojaFlex.Domain", "LojaFlex.Domain\LojaFlex.Domain.csproj", "{1EFE4624-DD27-4283-A821-68F7BEC8D574}"
EndProject
Project("{FAE04EC0-301F-11D3-BF4B-00C04F79EFBC}") = "LojaFlex.Infra", "LojaFlex.Infra\LojaFlex.Infra.csproj", "{174AE43A-EFB9-4F3F-A013-01A44C50E5EE}"
EndProject
Project("{FAE04EC0-301F-11D3-BF4B-00C04F79EFBC}") = "LojaFlex.Services", "LojaFlex.Services\LojaFlex.Services.csproj", "{707A193B-27C6-4780-A3A2-67089097A2AA}"
EndProject
Project("{FAE04EC0-301F-11D3-BF4B-00C04F79EFBC}") = "LojaFlex.Test", "LojaFlex.Test\LojaFlex.Test.csproj", "{09DB5ACC-B6F1-4353-94BD-80211A22E14F}"
EndProject
Global
	GlobalSection(SolutionConfigurationPlatforms) = preSolution
		Debug|Any CPU = Debug|Any CPU
		Release|Any CPU = Release|Any CPU
	EndGlobalSection
	GlobalSection(ProjectConfigurationPlatforms) = postSolution
		{9F440C45-862B-4D40-B3A3-FCDAB89DB154}.Debug|Any CPU.ActiveCfg = Debug|Any CPU
		{9F440C45-862B-4D40-B3A3-FCDAB89DB154}.Debug|Any CPU.Build.0 = Debug|Any CPU
		{9F440C45-862B-4D40-B3A3-FCDAB89DB154}.Release|Any CPU.ActiveCfg = Release|Any CPU
		{9F440C45-862B-4D40-B3A3-FCDAB89DB154}.Release|Any CPU.Build.0 = Release|Any CPU
		{1EFE4624-DD27-4283-A821-68F7BEC8D574}.Debug|Any CPU.ActiveCfg = Debug|Any CPU
		{1EFE4624-DD27-4283-A821-68F7BEC8D574}.Debug|Any CPU.Build.0 = Debug|Any CPU
		{1EFE4624-DD27-4283-A821-68F7BEC8D574}.Release|Any CPU.ActiveCfg = Release|Any CPU
		{1EFE4624-DD27-4283-A821-68F7BEC8D574}.Release|Any CPU.Build.0 = Release|Any CPU
		{174AE43A-EFB9-4F3F-A013-01A44C50E5EE}.Debug|Any CPU.ActiveCfg = Debug|Any CPU
		{174AE43A-EFB9-4F3F-A013-01A44C50E5EE}.Debug|Any CPU.Build.0 = Debug|Any CPU
		{174AE43A-EFB9-4F3F-A013-01A44C50E5EE}.Release|Any CPU.ActiveCfg = Release|Any CPU
		{174AE43A-EFB9-4F3F-A013-01A44C50E5EE}.Release|Any CPU.Build.0 = Release|Any CPU
		{707A193B-27C6-4780-A3A2-67089097A2AA}.Debug|Any CPU.ActiveCfg = Debug|Any CPU
		{707A193B-27C6-4780-A3A2-67089097A2AA}.Debug|Any CPU.Build.0 = Debug|Any CPU
		{707A193B-27C6-4780-A3A2-67089097A2AA}.Release|Any CPU.ActiveCfg = Release|Any CPU
		{707A193B-27C6-4780-A3A2-67089097A2AA}.Release|Any CPU.Build.0 = Release|Any CPU
		{09DB5ACC-B6F1-4353-94BD-80211A22E14F}.Debug|Any CPU.ActiveCfg = Debug|Any CPU
		{09DB5ACC-B6F1-4353-94BD-80211A22E14F}.Debug|Any CPU.Build.0 = Debug|Any CPU
		{09DB5ACC-B6F1-4353-94BD-80211A22E14F}.Release|Any CPU.ActiveCfg = Release|Any CPU
		{09DB5ACC-B6F1-4353-94BD-80211A22E14F}.Release|Any CPU.Build.0 = Release|Any CPU
	EndGlobalSection
	GlobalSection(SolutionProperties) = preSolution
		HideSolutionNode = FALSE
	EndGlobalSection
	GlobalSection(ExtensibilityGlobals) = postSolution
		SolutionGuid = {96720FB3-5185-41F9-B3BD-117232DDACAC}
	EndGlobalSection
EndGlobal
